
Microsoft Visual Studio Solution File, Format Version 12.00
# Visual Studio Version 16
VisualStudioVersion = 16.0.31424.327
MinimumVisualStudioVersion = 10.0.40219.1
Project("{2150E333-8FDC-42A3-9474-1A3956D46DE8}") = "Source", "Source", "{99F3102F-2C16-40AF-B51C-F0CB22366837}"
EndProject
Project("{2150E333-8FDC-42A3-9474-1A3956D46DE8}") = "Test", "Test", "{FF25AB8C-664C-4DE6-9826-AEFD5AB198F9}"
EndProject
Project("{9A19103F-16F7-4668-BE54-9A1E7A4F7556}") = "Movies.Models", "MoviesApp\Source\Movies.Models\Movies.Models.csproj", "{3C0CEF58-892B-4ED9-AB86-A7D65E82FE14}"
EndProject
Project("{FAE04EC0-301F-11D3-BF4B-00C04F79EFBC}") = "Movies.Services", "MoviesApp\Source\Movies.Services\Movies.Services.csproj", "{18D93DE3-B673-4015-B6AF-762CF4B7A5FD}"
EndProject
Project("{FAE04EC0-301F-11D3-BF4B-00C04F79EFBC}") = "Movies.Services.uTest", "MoviesApp\Test\Movies.Services.uTest\Movies.Services.uTest.csproj", "{BE5B08FE-C997-4623-B07D-C6BE35521046}"
EndProject
Project("{9A19103F-16F7-4668-BE54-9A1E7A4F7556}") = "Movies.WebApi", "MoviesApp\Source\Movies.WebApi\Movies.WebApi.csproj", "{90502892-E8BC-4913-9B6C-23E8A168C76E}"
EndProject
Project("{FAE04EC0-301F-11D3-BF4B-00C04F79EFBC}") = "Movies.WebApi.uTest", "MoviesApp\Test\Movies.WebApi.uTest\Movies.WebApi.uTest.csproj", "{5E257809-46DE-453C-A098-52777107DC93}"
EndProject
Global
	GlobalSection(SolutionConfigurationPlatforms) = preSolution
		Debug|Any CPU = Debug|Any CPU
		Release|Any CPU = Release|Any CPU
	EndGlobalSection
	GlobalSection(ProjectConfigurationPlatforms) = postSolution
		{3C0CEF58-892B-4ED9-AB86-A7D65E82FE14}.Debug|Any CPU.ActiveCfg = Debug|Any CPU
		{3C0CEF58-892B-4ED9-AB86-A7D65E82FE14}.Debug|Any CPU.Build.0 = Debug|Any CPU
		{3C0CEF58-892B-4ED9-AB86-A7D65E82FE14}.Release|Any CPU.ActiveCfg = Release|Any CPU
		{3C0CEF58-892B-4ED9-AB86-A7D65E82FE14}.Release|Any CPU.Build.0 = Release|Any CPU
		{18D93DE3-B673-4015-B6AF-762CF4B7A5FD}.Debug|Any CPU.ActiveCfg = Debug|Any CPU
		{18D93DE3-B673-4015-B6AF-762CF4B7A5FD}.Debug|Any CPU.Build.0 = Debug|Any CPU
		{18D93DE3-B673-4015-B6AF-762CF4B7A5FD}.Release|Any CPU.ActiveCfg = Release|Any CPU
		{18D93DE3-B673-4015-B6AF-762CF4B7A5FD}.Release|Any CPU.Build.0 = Release|Any CPU
		{BE5B08FE-C997-4623-B07D-C6BE35521046}.Debug|Any CPU.ActiveCfg = Debug|Any CPU
		{BE5B08FE-C997-4623-B07D-C6BE35521046}.Debug|Any CPU.Build.0 = Debug|Any CPU
		{BE5B08FE-C997-4623-B07D-C6BE35521046}.Release|Any CPU.ActiveCfg = Release|Any CPU
		{BE5B08FE-C997-4623-B07D-C6BE35521046}.Release|Any CPU.Build.0 = Release|Any CPU
		{90502892-E8BC-4913-9B6C-23E8A168C76E}.Debug|Any CPU.ActiveCfg = Debug|Any CPU
		{90502892-E8BC-4913-9B6C-23E8A168C76E}.Debug|Any CPU.Build.0 = Debug|Any CPU
		{90502892-E8BC-4913-9B6C-23E8A168C76E}.Release|Any CPU.ActiveCfg = Release|Any CPU
		{90502892-E8BC-4913-9B6C-23E8A168C76E}.Release|Any CPU.Build.0 = Release|Any CPU
		{5E257809-46DE-453C-A098-52777107DC93}.Debug|Any CPU.ActiveCfg = Debug|Any CPU
		{5E257809-46DE-453C-A098-52777107DC93}.Debug|Any CPU.Build.0 = Debug|Any CPU
		{5E257809-46DE-453C-A098-52777107DC93}.Release|Any CPU.ActiveCfg = Release|Any CPU
		{5E257809-46DE-453C-A098-52777107DC93}.Release|Any CPU.Build.0 = Release|Any CPU
	EndGlobalSection
	GlobalSection(SolutionProperties) = preSolution
		HideSolutionNode = FALSE
	EndGlobalSection
	GlobalSection(NestedProjects) = preSolution
		{3C0CEF58-892B-4ED9-AB86-A7D65E82FE14} = {99F3102F-2C16-40AF-B51C-F0CB22366837}
		{18D93DE3-B673-4015-B6AF-762CF4B7A5FD} = {99F3102F-2C16-40AF-B51C-F0CB22366837}
		{BE5B08FE-C997-4623-B07D-C6BE35521046} = {FF25AB8C-664C-4DE6-9826-AEFD5AB198F9}
		{90502892-E8BC-4913-9B6C-23E8A168C76E} = {99F3102F-2C16-40AF-B51C-F0CB22366837}
		{5E257809-46DE-453C-A098-52777107DC93} = {FF25AB8C-664C-4DE6-9826-AEFD5AB198F9}
	EndGlobalSection
	GlobalSection(ExtensibilityGlobals) = postSolution
		SolutionGuid = {F0D573E2-A742-42A5-9467-63E5E33DC401}
	EndGlobalSection
EndGlobal
